// !$*UTF8*$!
{
	archiveVersion = 1;
	classes = {
	};
	objectVersion = 56;
	objects = {

/* Begin PBXBuildFile section */
		B0862B262AE00AEC00946EAD /* ResusableProfileContent.swift in Sources */ = {isa = PBXBuildFile; fileRef = B0862B252AE00AEC00946EAD /* ResusableProfileContent.swift */; };
		B0862B292AE00F0A00946EAD /* SDWebImageSwiftUI in Frameworks */ = {isa = PBXBuildFile; productRef = B0862B282AE00F0A00946EAD /* SDWebImageSwiftUI */; };
		B0DE03972ADE62800069E7DD /* LoginView.swift in Sources */ = {isa = PBXBuildFile; fileRef = B0DE03962ADE62800069E7DD /* LoginView.swift */; };
		B0DE039B2ADE64090069E7DD /* User.swift in Sources */ = {isa = PBXBuildFile; fileRef = B0DE039A2ADE64090069E7DD /* User.swift */; };
		B0DE039D2ADE64AD0069E7DD /* LoadingView.swift in Sources */ = {isa = PBXBuildFile; fileRef = B0DE039C2ADE64AD0069E7DD /* LoadingView.swift */; };
		B0DE039F2ADE65B30069E7DD /* GoogleService-Info.plist in Resources */ = {isa = PBXBuildFile; fileRef = B0DE039E2ADE65B30069E7DD /* GoogleService-Info.plist */; };
		B0DE03A22ADE670D0069E7DD /* FirebaseAuth in Frameworks */ = {isa = PBXBuildFile; productRef = B0DE03A12ADE670D0069E7DD /* FirebaseAuth */; };
		B0DE03A42ADE670D0069E7DD /* FirebaseDatabase in Frameworks */ = {isa = PBXBuildFile; productRef = B0DE03A32ADE670D0069E7DD /* FirebaseDatabase */; };
		B0DE03A62ADE670D0069E7DD /* FirebaseFirestore in Frameworks */ = {isa = PBXBuildFile; productRef = B0DE03A52ADE670D0069E7DD /* FirebaseFirestore */; };
		B0DE03A82ADE670D0069E7DD /* FirebaseStorage in Frameworks */ = {isa = PBXBuildFile; productRef = B0DE03A72ADE670D0069E7DD /* FirebaseStorage */; };
		B0DE03AB2ADE6D9D0069E7DD /* FirebaseFirestoreSwift in Frameworks */ = {isa = PBXBuildFile; productRef = B0DE03AA2ADE6D9D0069E7DD /* FirebaseFirestoreSwift */; };
		B0DE03AF2ADE92240069E7DD /* RegisterView.swift in Sources */ = {isa = PBXBuildFile; fileRef = B0DE03AE2ADE92240069E7DD /* RegisterView.swift */; };
		B0DE03B22ADE93410069E7DD /* View+Extansions.swift in Sources */ = {isa = PBXBuildFile; fileRef = B0DE03B12ADE93410069E7DD /* View+Extansions.swift */; };
		B0DE03B42ADE950B0069E7DD /* MainView.swift in Sources */ = {isa = PBXBuildFile; fileRef = B0DE03B32ADE950B0069E7DD /* MainView.swift */; };
		B0DE03B62ADE981A0069E7DD /* ProfileView.swift in Sources */ = {isa = PBXBuildFile; fileRef = B0DE03B52ADE981A0069E7DD /* ProfileView.swift */; };
		B0ED8F4F2AD6A29600B9F428 /* LocalVibesApp.swift in Sources */ = {isa = PBXBuildFile; fileRef = B0ED8F4E2AD6A29600B9F428 /* LocalVibesApp.swift */; };
		B0ED8F512AD6A29600B9F428 /* ContentView.swift in Sources */ = {isa = PBXBuildFile; fileRef = B0ED8F502AD6A29600B9F428 /* ContentView.swift */; };
		B0ED8F532AD6A29800B9F428 /* Assets.xcassets in Resources */ = {isa = PBXBuildFile; fileRef = B0ED8F522AD6A29800B9F428 /* Assets.xcassets */; };
		B0ED8F602AD6A29800B9F428 /* LocalVibesTests.swift in Sources */ = {isa = PBXBuildFile; fileRef = B0ED8F5F2AD6A29800B9F428 /* LocalVibesTests.swift */; };
		B0ED8F6A2AD6A29800B9F428 /* LocalVibesUITests.swift in Sources */ = {isa = PBXBuildFile; fileRef = B0ED8F692AD6A29800B9F428 /* LocalVibesUITests.swift */; };
		B0ED8F6C2AD6A29800B9F428 /* LocalVibesUITestsLaunchTests.swift in Sources */ = {isa = PBXBuildFile; fileRef = B0ED8F6B2AD6A29800B9F428 /* LocalVibesUITestsLaunchTests.swift */; };
/* End PBXBuildFile section */

/* Begin PBXBuildRule section */
		B02813262ADE5FD30057848C /* PBXBuildRule */ = {
			isa = PBXBuildRule;
			compilerSpec = com.apple.compilers.proxy.script;
			fileType = folder.rkassets;
			inputFiles = (
			);
			isEditable = 1;
			outputFiles = (
			);
			script = "# realitytool\n";
		};
/* End PBXBuildRule section */

/* Begin PBXContainerItemProxy section */
		B0ED8F5C2AD6A29800B9F428 /* PBXContainerItemProxy */ = {
			isa = PBXContainerItemProxy;
			containerPortal = B0ED8F432AD6A29600B9F428 /* Project object */;
			proxyType = 1;
			remoteGlobalIDString = B0ED8F4A2AD6A29600B9F428;
			remoteInfo = LocalVibes;
		};
		B0ED8F662AD6A29800B9F428 /* PBXContainerItemProxy */ = {
			isa = PBXContainerItemProxy;
			containerPortal = B0ED8F432AD6A29600B9F428 /* Project object */;
			proxyType = 1;
			remoteGlobalIDString = B0ED8F4A2AD6A29600B9F428;
			remoteInfo = LocalVibes;
		};
/* End PBXContainerItemProxy section */

/* Begin PBXFileReference section */
		B0862B252AE00AEC00946EAD /* ResusableProfileContent.swift */ = {isa = PBXFileReference; lastKnownFileType = sourcecode.swift; path = ResusableProfileContent.swift; sourceTree = "<group>"; };
		B0DE03962ADE62800069E7DD /* LoginView.swift */ = {isa = PBXFileReference; lastKnownFileType = sourcecode.swift; path = LoginView.swift; sourceTree = "<group>"; };
		B0DE039A2ADE64090069E7DD /* User.swift */ = {isa = PBXFileReference; lastKnownFileType = sourcecode.swift; path = User.swift; sourceTree = "<group>"; };
		B0DE039C2ADE64AD0069E7DD /* LoadingView.swift */ = {isa = PBXFileReference; lastKnownFileType = sourcecode.swift; path = LoadingView.swift; sourceTree = "<group>"; };
		B0DE039E2ADE65B30069E7DD /* GoogleService-Info.plist */ = {isa = PBXFileReference; fileEncoding = 4; lastKnownFileType = text.plist.xml; path = "GoogleService-Info.plist"; sourceTree = "<group>"; };
		B0DE03AE2ADE92240069E7DD /* RegisterView.swift */ = {isa = PBXFileReference; lastKnownFileType = sourcecode.swift; path = RegisterView.swift; sourceTree = "<group>"; };
		B0DE03B12ADE93410069E7DD /* View+Extansions.swift */ = {isa = PBXFileReference; lastKnownFileType = sourcecode.swift; path = "View+Extansions.swift"; sourceTree = "<group>"; };
		B0DE03B32ADE950B0069E7DD /* MainView.swift */ = {isa = PBXFileReference; lastKnownFileType = sourcecode.swift; path = MainView.swift; sourceTree = "<group>"; };
		B0DE03B52ADE981A0069E7DD /* ProfileView.swift */ = {isa = PBXFileReference; lastKnownFileType = sourcecode.swift; path = ProfileView.swift; sourceTree = "<group>"; };
		B0ED8F4B2AD6A29600B9F428 /* LocalVibes.app */ = {isa = PBXFileReference; explicitFileType = wrapper.application; includeInIndex = 0; path = LocalVibes.app; sourceTree = BUILT_PRODUCTS_DIR; };
		B0ED8F4E2AD6A29600B9F428 /* LocalVibesApp.swift */ = {isa = PBXFileReference; lastKnownFileType = sourcecode.swift; path = LocalVibesApp.swift; sourceTree = "<group>"; };
		B0ED8F502AD6A29600B9F428 /* ContentView.swift */ = {isa = PBXFileReference; lastKnownFileType = sourcecode.swift; path = ContentView.swift; sourceTree = "<group>"; };
		B0ED8F522AD6A29800B9F428 /* Assets.xcassets */ = {isa = PBXFileReference; lastKnownFileType = folder.assetcatalog; path = Assets.xcassets; sourceTree = "<group>"; };
		B0ED8F5B2AD6A29800B9F428 /* LocalVibesTests.xctest */ = {isa = PBXFileReference; explicitFileType = wrapper.cfbundle; includeInIndex = 0; path = LocalVibesTests.xctest; sourceTree = BUILT_PRODUCTS_DIR; };
		B0ED8F5F2AD6A29800B9F428 /* LocalVibesTests.swift */ = {isa = PBXFileReference; lastKnownFileType = sourcecode.swift; path = LocalVibesTests.swift; sourceTree = "<group>"; };
		B0ED8F652AD6A29800B9F428 /* LocalVibesUITests.xctest */ = {isa = PBXFileReference; explicitFileType = wrapper.cfbundle; includeInIndex = 0; path = LocalVibesUITests.xctest; sourceTree = BUILT_PRODUCTS_DIR; };
		B0ED8F692AD6A29800B9F428 /* LocalVibesUITests.swift */ = {isa = PBXFileReference; lastKnownFileType = sourcecode.swift; path = LocalVibesUITests.swift; sourceTree = "<group>"; };
		B0ED8F6B2AD6A29800B9F428 /* LocalVibesUITestsLaunchTests.swift */ = {isa = PBXFileReference; lastKnownFileType = sourcecode.swift; path = LocalVibesUITestsLaunchTests.swift; sourceTree = "<group>"; };
/* End PBXFileReference section */

/* Begin PBXFrameworksBuildPhase section */
		B0ED8F482AD6A29600B9F428 /* Frameworks */ = {
			isa = PBXFrameworksBuildPhase;
			buildActionMask = 2147483647;
			files = (
				B0862B292AE00F0A00946EAD /* SDWebImageSwiftUI in Frameworks */,
				B0DE03AB2ADE6D9D0069E7DD /* FirebaseFirestoreSwift in Frameworks */,
				B0DE03A42ADE670D0069E7DD /* FirebaseDatabase in Frameworks */,
				B0DE03A82ADE670D0069E7DD /* FirebaseStorage in Frameworks */,
				B0DE03A22ADE670D0069E7DD /* FirebaseAuth in Frameworks */,
				B0DE03A62ADE670D0069E7DD /* FirebaseFirestore in Frameworks */,
			);
			runOnlyForDeploymentPostprocessing = 0;
		};
		B0ED8F582AD6A29800B9F428 /* Frameworks */ = {
			isa = PBXFrameworksBuildPhase;
			buildActionMask = 2147483647;
			files = (
			);
			runOnlyForDeploymentPostprocessing = 0;
		};
		B0ED8F622AD6A29800B9F428 /* Frameworks */ = {
			isa = PBXFrameworksBuildPhase;
			buildActionMask = 2147483647;
			files = (
			);
			runOnlyForDeploymentPostprocessing = 0;
		};
/* End PBXFrameworksBuildPhase section */

/* Begin PBXGroup section */
		B0DE03942ADE62340069E7DD /* View Group */ = {
			isa = PBXGroup;
			children = (
				B0DE03AD2ADE91DF0069E7DD /* MainView */,
				B0DE03AC2ADE91B80069E7DD /* Login */,
				B0DE039C2ADE64AD0069E7DD /* LoadingView.swift */,
			);
			path = "View Group";
			sourceTree = "<group>";
		};
		B0DE03952ADE62590069E7DD /* Model */ = {
			isa = PBXGroup;
			children = (
				B0DE039A2ADE64090069E7DD /* User.swift */,
			);
			path = Model;
			sourceTree = "<group>";
		};
		B0DE03A92ADE6D9D0069E7DD /* Frameworks */ = {
			isa = PBXGroup;
			children = (
			);
			name = Frameworks;
			sourceTree = "<group>";
		};
		B0DE03AC2ADE91B80069E7DD /* Login */ = {
			isa = PBXGroup;
			children = (
				B0DE03962ADE62800069E7DD /* LoginView.swift */,
				B0DE03AE2ADE92240069E7DD /* RegisterView.swift */,
			);
			path = Login;
			sourceTree = "<group>";
		};
		B0DE03AD2ADE91DF0069E7DD /* MainView */ = {
			isa = PBXGroup;
			children = (
				B0DE03B02ADE93050069E7DD /* Helpers */,
				B0DE03B32ADE950B0069E7DD /* MainView.swift */,
				B0DE03B52ADE981A0069E7DD /* ProfileView.swift */,
				B0862B252AE00AEC00946EAD /* ResusableProfileContent.swift */,
			);
			path = MainView;
			sourceTree = "<group>";
		};
		B0DE03B02ADE93050069E7DD /* Helpers */ = {
			isa = PBXGroup;
			children = (
				B0DE03B12ADE93410069E7DD /* View+Extansions.swift */,
			);
			path = Helpers;
			sourceTree = "<group>";
		};
		B0ED8F422AD6A29600B9F428 = {
			isa = PBXGroup;
			children = (
				B0ED8F4D2AD6A29600B9F428 /* LocalVibes */,
				B0ED8F5E2AD6A29800B9F428 /* LocalVibesTests */,
				B0ED8F682AD6A29800B9F428 /* LocalVibesUITests */,
				B0ED8F4C2AD6A29600B9F428 /* Products */,
				B0DE03A92ADE6D9D0069E7DD /* Frameworks */,
			);
			sourceTree = "<group>";
		};
		B0ED8F4C2AD6A29600B9F428 /* Products */ = {
			isa = PBXGroup;
			children = (
				B0ED8F4B2AD6A29600B9F428 /* LocalVibes.app */,
				B0ED8F5B2AD6A29800B9F428 /* LocalVibesTests.xctest */,
				B0ED8F652AD6A29800B9F428 /* LocalVibesUITests.xctest */,
			);
			name = Products;
			sourceTree = "<group>";
		};
		B0ED8F4D2AD6A29600B9F428 /* LocalVibes */ = {
			isa = PBXGroup;
			children = (
				B0DE03952ADE62590069E7DD /* Model */,
				B0DE03942ADE62340069E7DD /* View Group */,
				B0ED8F4E2AD6A29600B9F428 /* LocalVibesApp.swift */,
				B0ED8F502AD6A29600B9F428 /* ContentView.swift */,
				B0DE039E2ADE65B30069E7DD /* GoogleService-Info.plist */,
				B0ED8F522AD6A29800B9F428 /* Assets.xcassets */,
				B0ED8F542AD6A29800B9F428 /* Preview Content */,
			);
			path = LocalVibes;
			sourceTree = "<group>";
		};
		B0ED8F542AD6A29800B9F428 /* Preview Content */ = {
			isa = PBXGroup;
			children = (
			);
			path = "Preview Content";
			sourceTree = "<group>";
		};
		B0ED8F5E2AD6A29800B9F428 /* LocalVibesTests */ = {
			isa = PBXGroup;
			children = (
				B0ED8F5F2AD6A29800B9F428 /* LocalVibesTests.swift */,
			);
			path = LocalVibesTests;
			sourceTree = "<group>";
		};
		B0ED8F682AD6A29800B9F428 /* LocalVibesUITests */ = {
			isa = PBXGroup;
			children = (
				B0ED8F692AD6A29800B9F428 /* LocalVibesUITests.swift */,
				B0ED8F6B2AD6A29800B9F428 /* LocalVibesUITestsLaunchTests.swift */,
			);
			path = LocalVibesUITests;
			sourceTree = "<group>";
		};
/* End PBXGroup section */

/* Begin PBXNativeTarget section */
		B0ED8F4A2AD6A29600B9F428 /* LocalVibes */ = {
			isa = PBXNativeTarget;
			buildConfigurationList = B0ED8F6F2AD6A29800B9F428 /* Build configuration list for PBXNativeTarget "LocalVibes" */;
			buildPhases = (
				B0ED8F472AD6A29600B9F428 /* Sources */,
				B0ED8F482AD6A29600B9F428 /* Frameworks */,
				B0ED8F492AD6A29600B9F428 /* Resources */,
			);
			buildRules = (
				B02813262ADE5FD30057848C /* PBXBuildRule */,
			);
			dependencies = (
			);
			name = LocalVibes;
			packageProductDependencies = (
				B0DE03A12ADE670D0069E7DD /* FirebaseAuth */,
				B0DE03A32ADE670D0069E7DD /* FirebaseDatabase */,
				B0DE03A52ADE670D0069E7DD /* FirebaseFirestore */,
				B0DE03A72ADE670D0069E7DD /* FirebaseStorage */,
				B0DE03AA2ADE6D9D0069E7DD /* FirebaseFirestoreSwift */,
				B0862B282AE00F0A00946EAD /* SDWebImageSwiftUI */,
			);
			productName = LocalVibes;
			productReference = B0ED8F4B2AD6A29600B9F428 /* LocalVibes.app */;
			productType = "com.apple.product-type.application";
		};
		B0ED8F5A2AD6A29800B9F428 /* LocalVibesTests */ = {
			isa = PBXNativeTarget;
			buildConfigurationList = B0ED8F722AD6A29800B9F428 /* Build configuration list for PBXNativeTarget "LocalVibesTests" */;
			buildPhases = (
				B0ED8F572AD6A29800B9F428 /* Sources */,
				B0ED8F582AD6A29800B9F428 /* Frameworks */,
				B0ED8F592AD6A29800B9F428 /* Resources */,
			);
			buildRules = (
			);
			dependencies = (
				B0ED8F5D2AD6A29800B9F428 /* PBXTargetDependency */,
			);
			name = LocalVibesTests;
			productName = LocalVibesTests;
			productReference = B0ED8F5B2AD6A29800B9F428 /* LocalVibesTests.xctest */;
			productType = "com.apple.product-type.bundle.unit-test";
		};
		B0ED8F642AD6A29800B9F428 /* LocalVibesUITests */ = {
			isa = PBXNativeTarget;
			buildConfigurationList = B0ED8F752AD6A29800B9F428 /* Build configuration list for PBXNativeTarget "LocalVibesUITests" */;
			buildPhases = (
				B0ED8F612AD6A29800B9F428 /* Sources */,
				B0ED8F622AD6A29800B9F428 /* Frameworks */,
				B0ED8F632AD6A29800B9F428 /* Resources */,
			);
			buildRules = (
			);
			dependencies = (
				B0ED8F672AD6A29800B9F428 /* PBXTargetDependency */,
			);
			name = LocalVibesUITests;
			productName = LocalVibesUITests;
			productReference = B0ED8F652AD6A29800B9F428 /* LocalVibesUITests.xctest */;
			productType = "com.apple.product-type.bundle.ui-testing";
		};
/* End PBXNativeTarget section */

/* Begin PBXProject section */
		B0ED8F432AD6A29600B9F428 /* Project object */ = {
			isa = PBXProject;
			attributes = {
				BuildIndependentTargetsInParallel = 1;
				LastSwiftUpdateCheck = 1500;
				LastUpgradeCheck = 1500;
				TargetAttributes = {
					B0ED8F4A2AD6A29600B9F428 = {
						CreatedOnToolsVersion = 15.0;
					};
					B0ED8F5A2AD6A29800B9F428 = {
						CreatedOnToolsVersion = 15.0;
						TestTargetID = B0ED8F4A2AD6A29600B9F428;
					};
					B0ED8F642AD6A29800B9F428 = {
						CreatedOnToolsVersion = 15.0;
						TestTargetID = B0ED8F4A2AD6A29600B9F428;
					};
				};
			};
			buildConfigurationList = B0ED8F462AD6A29600B9F428 /* Build configuration list for PBXProject "LocalVibes" */;
			compatibilityVersion = "Xcode 14.0";
			developmentRegion = en;
			hasScannedForEncodings = 0;
			knownRegions = (
				en,
				Base,
			);
			mainGroup = B0ED8F422AD6A29600B9F428;
			packageReferences = (
				B0DE03A02ADE670D0069E7DD /* XCRemoteSwiftPackageReference "firebase-ios-sdk" */,
				B0862B272AE00F0A00946EAD /* XCRemoteSwiftPackageReference "SDWebImageSwiftUI" */,
			);
			productRefGroup = B0ED8F4C2AD6A29600B9F428 /* Products */;
			projectDirPath = "";
			projectRoot = "";
			targets = (
				B0ED8F4A2AD6A29600B9F428 /* LocalVibes */,
				B0ED8F5A2AD6A29800B9F428 /* LocalVibesTests */,
				B0ED8F642AD6A29800B9F428 /* LocalVibesUITests */,
			);
		};
/* End PBXProject section */

/* Begin PBXResourcesBuildPhase section */
		B0ED8F492AD6A29600B9F428 /* Resources */ = {
			isa = PBXResourcesBuildPhase;
			buildActionMask = 2147483647;
			files = (
				B0ED8F532AD6A29800B9F428 /* Assets.xcassets in Resources */,
				B0DE039F2ADE65B30069E7DD /* GoogleService-Info.plist in Resources */,
			);
			runOnlyForDeploymentPostprocessing = 0;
		};
		B0ED8F592AD6A29800B9F428 /* Resources */ = {
			isa = PBXResourcesBuildPhase;
			buildActionMask = 2147483647;
			files = (
			);
			runOnlyForDeploymentPostprocessing = 0;
		};
		B0ED8F632AD6A29800B9F428 /* Resources */ = {
			isa = PBXResourcesBuildPhase;
			buildActionMask = 2147483647;
			files = (
			);
			runOnlyForDeploymentPostprocessing = 0;
		};
/* End PBXResourcesBuildPhase section */

/* Begin PBXSourcesBuildPhase section */
		B0ED8F472AD6A29600B9F428 /* Sources */ = {
			isa = PBXSourcesBuildPhase;
			buildActionMask = 2147483647;
			files = (
				B0DE039B2ADE64090069E7DD /* User.swift in Sources */,
				B0DE03B62ADE981A0069E7DD /* ProfileView.swift in Sources */,
				B0DE03B42ADE950B0069E7DD /* MainView.swift in Sources */,
				B0DE03972ADE62800069E7DD /* LoginView.swift in Sources */,
				B0ED8F512AD6A29600B9F428 /* ContentView.swift in Sources */,
				B0DE03B22ADE93410069E7DD /* View+Extansions.swift in Sources */,
				B0DE03AF2ADE92240069E7DD /* RegisterView.swift in Sources */,
				B0DE039D2ADE64AD0069E7DD /* LoadingView.swift in Sources */,
				B0862B262AE00AEC00946EAD /* ResusableProfileContent.swift in Sources */,
				B0ED8F4F2AD6A29600B9F428 /* LocalVibesApp.swift in Sources */,
			);
			runOnlyForDeploymentPostprocessing = 0;
		};
		B0ED8F572AD6A29800B9F428 /* Sources */ = {
			isa = PBXSourcesBuildPhase;
			buildActionMask = 2147483647;
			files = (
				B0ED8F602AD6A29800B9F428 /* LocalVibesTests.swift in Sources */,
			);
			runOnlyForDeploymentPostprocessing = 0;
		};
		B0ED8F612AD6A29800B9F428 /* Sources */ = {
			isa = PBXSourcesBuildPhase;
			buildActionMask = 2147483647;
			files = (
				B0ED8F6C2AD6A29800B9F428 /* LocalVibesUITestsLaunchTests.swift in Sources */,
				B0ED8F6A2AD6A29800B9F428 /* LocalVibesUITests.swift in Sources */,
			);
			runOnlyForDeploymentPostprocessing = 0;
		};
/* End PBXSourcesBuildPhase section */

/* Begin PBXTargetDependency section */
		B0ED8F5D2AD6A29800B9F428 /* PBXTargetDependency */ = {
			isa = PBXTargetDependency;
			target = B0ED8F4A2AD6A29600B9F428 /* LocalVibes */;
			targetProxy = B0ED8F5C2AD6A29800B9F428 /* PBXContainerItemProxy */;
		};
		B0ED8F672AD6A29800B9F428 /* PBXTargetDependency */ = {
			isa = PBXTargetDependency;
			target = B0ED8F4A2AD6A29600B9F428 /* LocalVibes */;
			targetProxy = B0ED8F662AD6A29800B9F428 /* PBXContainerItemProxy */;
		};
/* End PBXTargetDependency section */

/* Begin XCBuildConfiguration section */
		B0ED8F6D2AD6A29800B9F428 /* Debug */ = {
			isa = XCBuildConfiguration;
			buildSettings = {
				ALWAYS_SEARCH_USER_PATHS = NO;
				ASSETCATALOG_COMPILER_GENERATE_SWIFT_ASSET_SYMBOL_EXTENSIONS = YES;
				CLANG_ANALYZER_NONNULL = YES;
				CLANG_ANALYZER_NUMBER_OBJECT_CONVERSION = YES_AGGRESSIVE;
				CLANG_CXX_LANGUAGE_STANDARD = "gnu++20";
				CLANG_ENABLE_MODULES = YES;
				CLANG_ENABLE_OBJC_ARC = YES;
				CLANG_ENABLE_OBJC_WEAK = YES;
				CLANG_WARN_BLOCK_CAPTURE_AUTORELEASING = YES;
				CLANG_WARN_BOOL_CONVERSION = YES;
				CLANG_WARN_COMMA = YES;
				CLANG_WARN_CONSTANT_CONVERSION = YES;
				CLANG_WARN_DEPRECATED_OBJC_IMPLEMENTATIONS = YES;
				CLANG_WARN_DIRECT_OBJC_ISA_USAGE = YES_ERROR;
				CLANG_WARN_DOCUMENTATION_COMMENTS = YES;
				CLANG_WARN_EMPTY_BODY = YES;
				CLANG_WARN_ENUM_CONVERSION = YES;
				CLANG_WARN_INFINITE_RECURSION = YES;
				CLANG_WARN_INT_CONVERSION = YES;
				CLANG_WARN_NON_LITERAL_NULL_CONVERSION = YES;
				CLANG_WARN_OBJC_IMPLICIT_RETAIN_SELF = YES;
				CLANG_WARN_OBJC_LITERAL_CONVERSION = YES;
				CLANG_WARN_OBJC_ROOT_CLASS = YES_ERROR;
				CLANG_WARN_QUOTED_INCLUDE_IN_FRAMEWORK_HEADER = YES;
				CLANG_WARN_RANGE_LOOP_ANALYSIS = YES;
				CLANG_WARN_STRICT_PROTOTYPES = YES;
				CLANG_WARN_SUSPICIOUS_MOVE = YES;
				CLANG_WARN_UNGUARDED_AVAILABILITY = YES_AGGRESSIVE;
				CLANG_WARN_UNREACHABLE_CODE = YES;
				CLANG_WARN__DUPLICATE_METHOD_MATCH = YES;
				COPY_PHASE_STRIP = NO;
				DEBUG_INFORMATION_FORMAT = dwarf;
				ENABLE_STRICT_OBJC_MSGSEND = YES;
				ENABLE_TESTABILITY = YES;
				ENABLE_USER_SCRIPT_SANDBOXING = YES;
				GCC_C_LANGUAGE_STANDARD = gnu17;
				GCC_DYNAMIC_NO_PIC = NO;
				GCC_NO_COMMON_BLOCKS = YES;
				GCC_OPTIMIZATION_LEVEL = 0;
				GCC_PREPROCESSOR_DEFINITIONS = (
					"DEBUG=1",
					"$(inherited)",
				);
				GCC_WARN_64_TO_32_BIT_CONVERSION = YES;
				GCC_WARN_ABOUT_RETURN_TYPE = YES_ERROR;
				GCC_WARN_UNDECLARED_SELECTOR = YES;
				GCC_WARN_UNINITIALIZED_AUTOS = YES_AGGRESSIVE;
				GCC_WARN_UNUSED_FUNCTION = YES;
				GCC_WARN_UNUSED_VARIABLE = YES;
				IPHONEOS_DEPLOYMENT_TARGET = 17.0;
				LOCALIZATION_PREFERS_STRING_CATALOGS = YES;
				MTL_ENABLE_DEBUG_INFO = INCLUDE_SOURCE;
				MTL_FAST_MATH = YES;
				ONLY_ACTIVE_ARCH = YES;
				SDKROOT = iphoneos;
				SWIFT_ACTIVE_COMPILATION_CONDITIONS = "DEBUG $(inherited)";
				SWIFT_OPTIMIZATION_LEVEL = "-Onone";
			};
			name = Debug;
		};
		B0ED8F6E2AD6A29800B9F428 /* Release */ = {
			isa = XCBuildConfiguration;
			buildSettings = {
				ALWAYS_SEARCH_USER_PATHS = NO;
				ASSETCATALOG_COMPILER_GENERATE_SWIFT_ASSET_SYMBOL_EXTENSIONS = YES;
				CLANG_ANALYZER_NONNULL = YES;
				CLANG_ANALYZER_NUMBER_OBJECT_CONVERSION = YES_AGGRESSIVE;
				CLANG_CXX_LANGUAGE_STANDARD = "gnu++20";
				CLANG_ENABLE_MODULES = YES;
				CLANG_ENABLE_OBJC_ARC = YES;
				CLANG_ENABLE_OBJC_WEAK = YES;
				CLANG_WARN_BLOCK_CAPTURE_AUTORELEASING = YES;
				CLANG_WARN_BOOL_CONVERSION = YES;
				CLANG_WARN_COMMA = YES;
				CLANG_WARN_CONSTANT_CONVERSION = YES;
				CLANG_WARN_DEPRECATED_OBJC_IMPLEMENTATIONS = YES;
				CLANG_WARN_DIRECT_OBJC_ISA_USAGE = YES_ERROR;
				CLANG_WARN_DOCUMENTATION_COMMENTS = YES;
				CLANG_WARN_EMPTY_BODY = YES;
				CLANG_WARN_ENUM_CONVERSION = YES;
				CLANG_WARN_INFINITE_RECURSION = YES;
				CLANG_WARN_INT_CONVERSION = YES;
				CLANG_WARN_NON_LITERAL_NULL_CONVERSION = YES;
				CLANG_WARN_OBJC_IMPLICIT_RETAIN_SELF = YES;
				CLANG_WARN_OBJC_LITERAL_CONVERSION = YES;
				CLANG_WARN_OBJC_ROOT_CLASS = YES_ERROR;
				CLANG_WARN_QUOTED_INCLUDE_IN_FRAMEWORK_HEADER = YES;
				CLANG_WARN_RANGE_LOOP_ANALYSIS = YES;
				CLANG_WARN_STRICT_PROTOTYPES = YES;
				CLANG_WARN_SUSPICIOUS_MOVE = YES;
				CLANG_WARN_UNGUARDED_AVAILABILITY = YES_AGGRESSIVE;
				CLANG_WARN_UNREACHABLE_CODE = YES;
				CLANG_WARN__DUPLICATE_METHOD_MATCH = YES;
				COPY_PHASE_STRIP = NO;
				DEBUG_INFORMATION_FORMAT = "dwarf-with-dsym";
				ENABLE_NS_ASSERTIONS = NO;
				ENABLE_STRICT_OBJC_MSGSEND = YES;
				ENABLE_USER_SCRIPT_SANDBOXING = YES;
				GCC_C_LANGUAGE_STANDARD = gnu17;
				GCC_NO_COMMON_BLOCKS = YES;
				GCC_WARN_64_TO_32_BIT_CONVERSION = YES;
				GCC_WARN_ABOUT_RETURN_TYPE = YES_ERROR;
				GCC_WARN_UNDECLARED_SELECTOR = YES;
				GCC_WARN_UNINITIALIZED_AUTOS = YES_AGGRESSIVE;
				GCC_WARN_UNUSED_FUNCTION = YES;
				GCC_WARN_UNUSED_VARIABLE = YES;
				IPHONEOS_DEPLOYMENT_TARGET = 17.0;
				LOCALIZATION_PREFERS_STRING_CATALOGS = YES;
				MTL_ENABLE_DEBUG_INFO = NO;
				MTL_FAST_MATH = YES;
				SDKROOT = iphoneos;
				SWIFT_COMPILATION_MODE = wholemodule;
				VALIDATE_PRODUCT = YES;
			};
			name = Release;
		};
		B0ED8F702AD6A29800B9F428 /* Debug */ = {
			isa = XCBuildConfiguration;
			buildSettings = {
				ASSETCATALOG_COMPILER_APPICON_NAME = AppIcon;
				ASSETCATALOG_COMPILER_GLOBAL_ACCENT_COLOR_NAME = AccentColor;
				CODE_SIGN_STYLE = Automatic;
				CURRENT_PROJECT_VERSION = 1;
				DEVELOPMENT_ASSET_PATHS = "\"LocalVibes/Preview Content\"";
				DEVELOPMENT_TEAM = J2P72K5YCX;
				ENABLE_PREVIEWS = YES;
				GENERATE_INFOPLIST_FILE = YES;
				INFOPLIST_KEY_UIApplicationSceneManifest_Generation = YES;
				INFOPLIST_KEY_UIApplicationSupportsIndirectInputEvents = YES;
				INFOPLIST_KEY_UILaunchScreen_Generation = YES;
				INFOPLIST_KEY_UISupportedInterfaceOrientations_iPad = "UIInterfaceOrientationPortrait UIInterfaceOrientationPortraitUpsideDown UIInterfaceOrientationLandscapeLeft UIInterfaceOrientationLandscapeRight";
				INFOPLIST_KEY_UISupportedInterfaceOrientations_iPhone = "UIInterfaceOrientationPortrait UIInterfaceOrientationLandscapeLeft UIInterfaceOrientationLandscapeRight";
				LD_RUNPATH_SEARCH_PATHS = (
					"$(inherited)",
					"@executable_path/Frameworks",
				);
				MARKETING_VERSION = 1.0;
				PRODUCT_BUNDLE_IDENTIFIER = Localvibes.LocalVibes;
				PRODUCT_NAME = "$(TARGET_NAME)";
				SWIFT_EMIT_LOC_STRINGS = YES;
				SWIFT_VERSION = 5.0;
				TARGETED_DEVICE_FAMILY = "1,2";
			};
			name = Debug;
		};
		B0ED8F712AD6A29800B9F428 /* Release */ = {
			isa = XCBuildConfiguration;
			buildSettings = {
				ASSETCATALOG_COMPILER_APPICON_NAME = AppIcon;
				ASSETCATALOG_COMPILER_GLOBAL_ACCENT_COLOR_NAME = AccentColor;
				CODE_SIGN_STYLE = Automatic;
				CURRENT_PROJECT_VERSION = 1;
				DEVELOPMENT_ASSET_PATHS = "\"LocalVibes/Preview Content\"";
				DEVELOPMENT_TEAM = J2P72K5YCX;
				ENABLE_PREVIEWS = YES;
				GENERATE_INFOPLIST_FILE = YES;
				INFOPLIST_KEY_UIApplicationSceneManifest_Generation = YES;
				INFOPLIST_KEY_UIApplicationSupportsIndirectInputEvents = YES;
				INFOPLIST_KEY_UILaunchScreen_Generation = YES;
				INFOPLIST_KEY_UISupportedInterfaceOrientations_iPad = "UIInterfaceOrientationPortrait UIInterfaceOrientationPortraitUpsideDown UIInterfaceOrientationLandscapeLeft UIInterfaceOrientationLandscapeRight";
				INFOPLIST_KEY_UISupportedInterfaceOrientations_iPhone = "UIInterfaceOrientationPortrait UIInterfaceOrientationLandscapeLeft UIInterfaceOrientationLandscapeRight";
				LD_RUNPATH_SEARCH_PATHS = (
					"$(inherited)",
					"@executable_path/Frameworks",
				);
				MARKETING_VERSION = 1.0;
				PRODUCT_BUNDLE_IDENTIFIER = Localvibes.LocalVibes;
				PRODUCT_NAME = "$(TARGET_NAME)";
				SWIFT_EMIT_LOC_STRINGS = YES;
				SWIFT_VERSION = 5.0;
				TARGETED_DEVICE_FAMILY = "1,2";
			};
			name = Release;
		};
		B0ED8F732AD6A29800B9F428 /* Debug */ = {
			isa = XCBuildConfiguration;
			buildSettings = {
				ALWAYS_EMBED_SWIFT_STANDARD_LIBRARIES = YES;
				BUNDLE_LOADER = "$(TEST_HOST)";
				CODE_SIGN_STYLE = Automatic;
				CURRENT_PROJECT_VERSION = 1;
				DEVELOPMENT_TEAM = J2P72K5YCX;
				GENERATE_INFOPLIST_FILE = YES;
				IPHONEOS_DEPLOYMENT_TARGET = 17.0;
				MARKETING_VERSION = 1.0;
				PRODUCT_BUNDLE_IDENTIFIER = Localvibes.LocalVibesTests;
				PRODUCT_NAME = "$(TARGET_NAME)";
				SWIFT_EMIT_LOC_STRINGS = NO;
				SWIFT_VERSION = 5.0;
				TARGETED_DEVICE_FAMILY = "1,2";
				TEST_HOST = "$(BUILT_PRODUCTS_DIR)/LocalVibes.app/$(BUNDLE_EXECUTABLE_FOLDER_PATH)/LocalVibes";
			};
			name = Debug;
		};
		B0ED8F742AD6A29800B9F428 /* Release */ = {
			isa = XCBuildConfiguration;
			buildSettings = {
				ALWAYS_EMBED_SWIFT_STANDARD_LIBRARIES = YES;
				BUNDLE_LOADER = "$(TEST_HOST)";
				CODE_SIGN_STYLE = Automatic;
				CURRENT_PROJECT_VERSION = 1;
				DEVELOPMENT_TEAM = J2P72K5YCX;
				GENERATE_INFOPLIST_FILE = YES;
				IPHONEOS_DEPLOYMENT_TARGET = 17.0;
				MARKETING_VERSION = 1.0;
				PRODUCT_BUNDLE_IDENTIFIER = Localvibes.LocalVibesTests;
				PRODUCT_NAME = "$(TARGET_NAME)";
				SWIFT_EMIT_LOC_STRINGS = NO;
				SWIFT_VERSION = 5.0;
				TARGETED_DEVICE_FAMILY = "1,2";
				TEST_HOST = "$(BUILT_PRODUCTS_DIR)/LocalVibes.app/$(BUNDLE_EXECUTABLE_FOLDER_PATH)/LocalVibes";
			};
			name = Release;
		};
		B0ED8F762AD6A29800B9F428 /* Debug */ = {
			isa = XCBuildConfiguration;
			buildSettings = {
				ALWAYS_EMBED_SWIFT_STANDARD_LIBRARIES = YES;
				CODE_SIGN_STYLE = Automatic;
				CURRENT_PROJECT_VERSION = 1;
				DEVELOPMENT_TEAM = J2P72K5YCX;
				GENERATE_INFOPLIST_FILE = YES;
				MARKETING_VERSION = 1.0;
				PRODUCT_BUNDLE_IDENTIFIER = Localvibes.LocalVibesUITests;
				PRODUCT_NAME = "$(TARGET_NAME)";
				SWIFT_EMIT_LOC_STRINGS = NO;
				SWIFT_VERSION = 5.0;
				TARGETED_DEVICE_FAMILY = "1,2";
				TEST_TARGET_NAME = LocalVibes;
			};
			name = Debug;
		};
		B0ED8F772AD6A29800B9F428 /* Release */ = {
			isa = XCBuildConfiguration;
			buildSettings = {
				ALWAYS_EMBED_SWIFT_STANDARD_LIBRARIES = YES;
				CODE_SIGN_STYLE = Automatic;
				CURRENT_PROJECT_VERSION = 1;
				DEVELOPMENT_TEAM = J2P72K5YCX;
				GENERATE_INFOPLIST_FILE = YES;
				MARKETING_VERSION = 1.0;
				PRODUCT_BUNDLE_IDENTIFIER = Localvibes.LocalVibesUITests;
				PRODUCT_NAME = "$(TARGET_NAME)";
				SWIFT_EMIT_LOC_STRINGS = NO;
				SWIFT_VERSION = 5.0;
				TARGETED_DEVICE_FAMILY = "1,2";
				TEST_TARGET_NAME = LocalVibes;
			};
			name = Release;
		};
/* End XCBuildConfiguration section */

/* Begin XCConfigurationList section */
		B0ED8F462AD6A29600B9F428 /* Build configuration list for PBXProject "LocalVibes" */ = {
			isa = XCConfigurationList;
			buildConfigurations = (
				B0ED8F6D2AD6A29800B9F428 /* Debug */,
				B0ED8F6E2AD6A29800B9F428 /* Release */,
			);
			defaultConfigurationIsVisible = 0;
			defaultConfigurationName = Release;
		};
		B0ED8F6F2AD6A29800B9F428 /* Build configuration list for PBXNativeTarget "LocalVibes" */ = {
			isa = XCConfigurationList;
			buildConfigurations = (
				B0ED8F702AD6A29800B9F428 /* Debug */,
				B0ED8F712AD6A29800B9F428 /* Release */,
			);
			defaultConfigurationIsVisible = 0;
			defaultConfigurationName = Release;
		};
		B0ED8F722AD6A29800B9F428 /* Build configuration list for PBXNativeTarget "LocalVibesTests" */ = {
			isa = XCConfigurationList;
			buildConfigurations = (
				B0ED8F732AD6A29800B9F428 /* Debug */,
				B0ED8F742AD6A29800B9F428 /* Release */,
			);
			defaultConfigurationIsVisible = 0;
			defaultConfigurationName = Release;
		};
		B0ED8F752AD6A29800B9F428 /* Build configuration list for PBXNativeTarget "LocalVibesUITests" */ = {
			isa = XCConfigurationList;
			buildConfigurations = (
				B0ED8F762AD6A29800B9F428 /* Debug */,
				B0ED8F772AD6A29800B9F428 /* Release */,
			);
			defaultConfigurationIsVisible = 0;
			defaultConfigurationName = Release;
		};
/* End XCConfigurationList section */

/* Begin XCRemoteSwiftPackageReference section */
		B0862B272AE00F0A00946EAD /* XCRemoteSwiftPackageReference "SDWebImageSwiftUI" */ = {
			isa = XCRemoteSwiftPackageReference;
			repositoryURL = "https://github.com/SDWebImage/SDWebImageSwiftUI";
			requirement = {
				kind = upToNextMajorVersion;
				minimumVersion = 2.2.3;
			};
		};
		B0DE03A02ADE670D0069E7DD /* XCRemoteSwiftPackageReference "firebase-ios-sdk" */ = {
			isa = XCRemoteSwiftPackageReference;
			repositoryURL = "https://github.com/firebase/firebase-ios-sdk";
			requirement = {
				kind = upToNextMajorVersion;
				minimumVersion = 10.16.0;
			};
		};
/* End XCRemoteSwiftPackageReference section */

/* Begin XCSwiftPackageProductDependency section */
		B0862B282AE00F0A00946EAD /* SDWebImageSwiftUI */ = {
			isa = XCSwiftPackageProductDependency;
			package = B0862B272AE00F0A00946EAD /* XCRemoteSwiftPackageReference "SDWebImageSwiftUI" */;
			productName = SDWebImageSwiftUI;
		};
		B0DE03A12ADE670D0069E7DD /* FirebaseAuth */ = {
			isa = XCSwiftPackageProductDependency;
			package = B0DE03A02ADE670D0069E7DD /* XCRemoteSwiftPackageReference "firebase-ios-sdk" */;
			productName = FirebaseAuth;
		};
		B0DE03A32ADE670D0069E7DD /* FirebaseDatabase */ = {
			isa = XCSwiftPackageProductDependency;
			package = B0DE03A02ADE670D0069E7DD /* XCRemoteSwiftPackageReference "firebase-ios-sdk" */;
			productName = FirebaseDatabase;
		};
		B0DE03A52ADE670D0069E7DD /* FirebaseFirestore */ = {
			isa = XCSwiftPackageProductDependency;
			package = B0DE03A02ADE670D0069E7DD /* XCRemoteSwiftPackageReference "firebase-ios-sdk" */;
			productName = FirebaseFirestore;
		};
		B0DE03A72ADE670D0069E7DD /* FirebaseStorage */ = {
			isa = XCSwiftPackageProductDependency;
			package = B0DE03A02ADE670D0069E7DD /* XCRemoteSwiftPackageReference "firebase-ios-sdk" */;
			productName = FirebaseStorage;
		};
		B0DE03AA2ADE6D9D0069E7DD /* FirebaseFirestoreSwift */ = {
			isa = XCSwiftPackageProductDependency;
			package = B0DE03A02ADE670D0069E7DD /* XCRemoteSwiftPackageReference "firebase-ios-sdk" */;
			productName = FirebaseFirestoreSwift;
		};
/* End XCSwiftPackageProductDependency section */
	};
	rootObject = B0ED8F432AD6A29600B9F428 /* Project object */;
}
